
Microsoft Visual Studio Solution File, Format Version 12.00
# Visual Studio 15
VisualStudioVersion = 15.0.27428.2015
MinimumVisualStudioVersion = 10.0.40219.1
Project("{FAE04EC0-301F-11D3-BF4B-00C04F79EFBC}") = "Foo.Base.Desktop", "Foo.Base.Desktop\Foo.Base.Desktop.csproj", "{13967D66-8083-4B0C-8232-E1133E404AC6}"
EndProject
Project("{FAE04EC0-301F-11D3-BF4B-00C04F79EFBC}") = "Foo.Base.Desktop.UnitTests", "Foo.Base.Desktop.UnitTests\Foo.Base.Desktop.UnitTests.csproj", "{56DBE433-9273-4850-871A-EBC4BC6795BA}"
EndProject
Global
	GlobalSection(SolutionConfigurationPlatforms) = preSolution
		Debug|Any CPU = Debug|Any CPU
		Release|Any CPU = Release|Any CPU
	EndGlobalSection
	GlobalSection(ProjectConfigurationPlatforms) = postSolution
		{13967D66-8083-4B0C-8232-E1133E404AC6}.Debug|Any CPU.ActiveCfg = Debug|Any CPU
		{13967D66-8083-4B0C-8232-E1133E404AC6}.Debug|Any CPU.Build.0 = Debug|Any CPU
		{13967D66-8083-4B0C-8232-E1133E404AC6}.Release|Any CPU.ActiveCfg = Release|Any CPU
		{13967D66-8083-4B0C-8232-E1133E404AC6}.Release|Any CPU.Build.0 = Release|Any CPU
		{56DBE433-9273-4850-871A-EBC4BC6795BA}.Debug|Any CPU.ActiveCfg = Debug|Any CPU
		{56DBE433-9273-4850-871A-EBC4BC6795BA}.Debug|Any CPU.Build.0 = Debug|Any CPU
		{56DBE433-9273-4850-871A-EBC4BC6795BA}.Release|Any CPU.ActiveCfg = Release|Any CPU
		{56DBE433-9273-4850-871A-EBC4BC6795BA}.Release|Any CPU.Build.0 = Release|Any CPU
	EndGlobalSection
	GlobalSection(SolutionProperties) = preSolution
		HideSolutionNode = FALSE
	EndGlobalSection
	GlobalSection(ExtensibilityGlobals) = postSolution
		SolutionGuid = {F0DB5717-FFD5-4F41-B065-9DA38608E93D}
	EndGlobalSection
EndGlobal
